
Microsoft Visual Studio Solution File, Format Version 12.00
# Visual Studio Version 16
VisualStudioVersion = 16.0.29424.173
MinimumVisualStudioVersion = 10.0.40219.1
Project("{FAE04EC0-301F-11D3-BF4B-00C04F79EFBC}") = "e-fages_project4", "efood_mybeta\e-fages_project4.csproj", "{838FBD03-D2B0-4FE2-B8DE-E8B999263320}"
EndProject
Global
	GlobalSection(SolutionConfigurationPlatforms) = preSolution
		Debug|Any CPU = Debug|Any CPU
		Release|Any CPU = Release|Any CPU
	EndGlobalSection
	GlobalSection(ProjectConfigurationPlatforms) = postSolution
		{838FBD03-D2B0-4FE2-B8DE-E8B999263320}.Debug|Any CPU.ActiveCfg = Debug|Any CPU
		{838FBD03-D2B0-4FE2-B8DE-E8B999263320}.Debug|Any CPU.Build.0 = Debug|Any CPU
		{838FBD03-D2B0-4FE2-B8DE-E8B999263320}.Release|Any CPU.ActiveCfg = Release|Any CPU
		{838FBD03-D2B0-4FE2-B8DE-E8B999263320}.Release|Any CPU.Build.0 = Release|Any CPU
	EndGlobalSection
	GlobalSection(SolutionProperties) = preSolution
		HideSolutionNode = FALSE
	EndGlobalSection
	GlobalSection(ExtensibilityGlobals) = postSolution
		SolutionGuid = {FCCDBF6E-334A-49C0-8FE8-F5AFADF6B5EF}
	EndGlobalSection
EndGlobal
