
Microsoft Visual Studio Solution File, Format Version 12.00
# Visual Studio 15
VisualStudioVersion = 15.0.28307.902
MinimumVisualStudioVersion = 10.0.40219.1
Project("{FAE04EC0-301F-11D3-BF4B-00C04F79EFBC}") = "ShopResults", "ShopResults\ShopResults.csproj", "{91E2A0FC-EEAF-4A7E-A27F-11C20A15A835}"
EndProject
Project("{FAE04EC0-301F-11D3-BF4B-00C04F79EFBC}") = "Domain", "Domain\Domain.csproj", "{B3970CD4-481B-4C0B-AF8D-BAD7C2712915}"
EndProject
Project("{FAE04EC0-301F-11D3-BF4B-00C04F79EFBC}") = "RateShop", "..\Rating_PapachristouAthina\Rate_Star\Fivestar\RateShop.csproj", "{05DD3D9D-FD23-4A05-B8E1-24FB5C802787}"
EndProject
Project("{FAE04EC0-301F-11D3-BF4B-00C04F79EFBC}") = "e-fages_project4", "..\e-fages_project4\efood_mybeta\e-fages_project4.csproj", "{031B2498-B5C5-4A52-81E1-7143DC80F210}"
EndProject
Project("{FAE04EC0-301F-11D3-BF4B-00C04F79EFBC}") = "payment", "..\AthinaPapachristou_payment\WindowsFormsApp4\payment.csproj", "{9522B2CD-5567-45FC-A816-44948E6EE275}"
EndProject
Global
	GlobalSection(SolutionConfigurationPlatforms) = preSolution
		Debug|Any CPU = Debug|Any CPU
		Release|Any CPU = Release|Any CPU
	EndGlobalSection
	GlobalSection(ProjectConfigurationPlatforms) = postSolution
		{91E2A0FC-EEAF-4A7E-A27F-11C20A15A835}.Debug|Any CPU.ActiveCfg = Debug|Any CPU
		{91E2A0FC-EEAF-4A7E-A27F-11C20A15A835}.Debug|Any CPU.Build.0 = Debug|Any CPU
		{91E2A0FC-EEAF-4A7E-A27F-11C20A15A835}.Release|Any CPU.ActiveCfg = Release|Any CPU
		{91E2A0FC-EEAF-4A7E-A27F-11C20A15A835}.Release|Any CPU.Build.0 = Release|Any CPU
		{B3970CD4-481B-4C0B-AF8D-BAD7C2712915}.Debug|Any CPU.ActiveCfg = Debug|Any CPU
		{B3970CD4-481B-4C0B-AF8D-BAD7C2712915}.Debug|Any CPU.Build.0 = Debug|Any CPU
		{B3970CD4-481B-4C0B-AF8D-BAD7C2712915}.Release|Any CPU.ActiveCfg = Release|Any CPU
		{B3970CD4-481B-4C0B-AF8D-BAD7C2712915}.Release|Any CPU.Build.0 = Release|Any CPU
		{05DD3D9D-FD23-4A05-B8E1-24FB5C802787}.Debug|Any CPU.ActiveCfg = Debug|Any CPU
		{05DD3D9D-FD23-4A05-B8E1-24FB5C802787}.Debug|Any CPU.Build.0 = Debug|Any CPU
		{05DD3D9D-FD23-4A05-B8E1-24FB5C802787}.Release|Any CPU.ActiveCfg = Release|Any CPU
		{05DD3D9D-FD23-4A05-B8E1-24FB5C802787}.Release|Any CPU.Build.0 = Release|Any CPU
		{031B2498-B5C5-4A52-81E1-7143DC80F210}.Debug|Any CPU.ActiveCfg = Debug|Any CPU
		{031B2498-B5C5-4A52-81E1-7143DC80F210}.Debug|Any CPU.Build.0 = Debug|Any CPU
		{031B2498-B5C5-4A52-81E1-7143DC80F210}.Release|Any CPU.ActiveCfg = Release|Any CPU
		{031B2498-B5C5-4A52-81E1-7143DC80F210}.Release|Any CPU.Build.0 = Release|Any CPU
		{9522B2CD-5567-45FC-A816-44948E6EE275}.Debug|Any CPU.ActiveCfg = Debug|Any CPU
		{9522B2CD-5567-45FC-A816-44948E6EE275}.Debug|Any CPU.Build.0 = Debug|Any CPU
		{9522B2CD-5567-45FC-A816-44948E6EE275}.Release|Any CPU.ActiveCfg = Release|Any CPU
		{9522B2CD-5567-45FC-A816-44948E6EE275}.Release|Any CPU.Build.0 = Release|Any CPU
	EndGlobalSection
	GlobalSection(SolutionProperties) = preSolution
		HideSolutionNode = FALSE
	EndGlobalSection
	GlobalSection(ExtensibilityGlobals) = postSolution
		SolutionGuid = {FCCDBF6E-334A-49C0-8FE8-F5AFADF6B5EF}
	EndGlobalSection
EndGlobal
